
Microsoft Visual Studio Solution File, Format Version 12.00
# Visual Studio Version 17
VisualStudioVersion = 17.7.34031.279
MinimumVisualStudioVersion = 10.0.40219.1
Project("{FAE04EC0-301F-11D3-BF4B-00C04F79EFBC}") = "CalculateSquare.Test", "TestCalculateSquare\CalculateSquare.Test.csproj", "{BCFD4982-975A-4ACE-86FB-C7805A767341}"
EndProject
Project("{FAE04EC0-301F-11D3-BF4B-00C04F79EFBC}") = "CalculateSquare", "CalculateSquare\CalculateSquare.csproj", "{19E2A3EF-F93E-4961-BBD0-A20E87D48265}"
EndProject
Project("{FAE04EC0-301F-11D3-BF4B-00C04F79EFBC}") = "TestConsol", "TestConsol\TestConsol.csproj", "{527AF907-A7A3-421B-B973-255EBB063946}"
EndProject
Global
	GlobalSection(SolutionConfigurationPlatforms) = preSolution
		Debug|Any CPU = Debug|Any CPU
		Release|Any CPU = Release|Any CPU
	EndGlobalSection
	GlobalSection(ProjectConfigurationPlatforms) = postSolution
		{BCFD4982-975A-4ACE-86FB-C7805A767341}.Debug|Any CPU.ActiveCfg = Debug|Any CPU
		{BCFD4982-975A-4ACE-86FB-C7805A767341}.Debug|Any CPU.Build.0 = Debug|Any CPU
		{BCFD4982-975A-4ACE-86FB-C7805A767341}.Release|Any CPU.ActiveCfg = Release|Any CPU
		{BCFD4982-975A-4ACE-86FB-C7805A767341}.Release|Any CPU.Build.0 = Release|Any CPU
		{19E2A3EF-F93E-4961-BBD0-A20E87D48265}.Debug|Any CPU.ActiveCfg = Debug|Any CPU
		{19E2A3EF-F93E-4961-BBD0-A20E87D48265}.Debug|Any CPU.Build.0 = Debug|Any CPU
		{19E2A3EF-F93E-4961-BBD0-A20E87D48265}.Release|Any CPU.ActiveCfg = Release|Any CPU
		{19E2A3EF-F93E-4961-BBD0-A20E87D48265}.Release|Any CPU.Build.0 = Release|Any CPU
		{527AF907-A7A3-421B-B973-255EBB063946}.Debug|Any CPU.ActiveCfg = Debug|Any CPU
		{527AF907-A7A3-421B-B973-255EBB063946}.Debug|Any CPU.Build.0 = Debug|Any CPU
		{527AF907-A7A3-421B-B973-255EBB063946}.Release|Any CPU.ActiveCfg = Release|Any CPU
		{527AF907-A7A3-421B-B973-255EBB063946}.Release|Any CPU.Build.0 = Release|Any CPU
	EndGlobalSection
	GlobalSection(SolutionProperties) = preSolution
		HideSolutionNode = FALSE
	EndGlobalSection
	GlobalSection(ExtensibilityGlobals) = postSolution
		SolutionGuid = {0DFB178E-0AB1-4027-B2A3-F445933D6BD5}
	EndGlobalSection
EndGlobal
